
Microsoft Visual Studio Solution File, Format Version 12.00
# Visual Studio Version 16
VisualStudioVersion = 16.0.29021.104
MinimumVisualStudioVersion = 10.0.40219.1
Project("{8BC9CEB8-8B4A-11D0-8D11-00A0C91BC942}") = "test(13)", "test(13)\test(13).vcxproj", "{10BC5374-8894-4C9C-ABC6-579067347853}"
EndProject
Global
	GlobalSection(SolutionConfigurationPlatforms) = preSolution
		Debug|x64 = Debug|x64
		Debug|x86 = Debug|x86
		Release|x64 = Release|x64
		Release|x86 = Release|x86
	EndGlobalSection
	GlobalSection(ProjectConfigurationPlatforms) = postSolution
		{10BC5374-8894-4C9C-ABC6-579067347853}.Debug|x64.ActiveCfg = Debug|x64
		{10BC5374-8894-4C9C-ABC6-579067347853}.Debug|x64.Build.0 = Debug|x64
		{10BC5374-8894-4C9C-ABC6-579067347853}.Debug|x86.ActiveCfg = Debug|Win32
		{10BC5374-8894-4C9C-ABC6-579067347853}.Debug|x86.Build.0 = Debug|Win32
		{10BC5374-8894-4C9C-ABC6-579067347853}.Release|x64.ActiveCfg = Release|x64
		{10BC5374-8894-4C9C-ABC6-579067347853}.Release|x64.Build.0 = Release|x64
		{10BC5374-8894-4C9C-ABC6-579067347853}.Release|x86.ActiveCfg = Release|Win32
		{10BC5374-8894-4C9C-ABC6-579067347853}.Release|x86.Build.0 = Release|Win32
	EndGlobalSection
	GlobalSection(SolutionProperties) = preSolution
		HideSolutionNode = FALSE
	EndGlobalSection
	GlobalSection(ExtensibilityGlobals) = postSolution
		SolutionGuid = {CD561D0F-1B7D-4208-89CF-5B09F95ABFA8}
	EndGlobalSection
EndGlobal
