
Microsoft Visual Studio Solution File, Format Version 12.00
# Visual Studio Version 16
VisualStudioVersion = 16.0.29021.104
MinimumVisualStudioVersion = 10.0.40219.1
Project("{8BC9CEB8-8B4A-11D0-8D11-00A0C91BC942}") = "test(42)", "test(42)\test(42).vcxproj", "{F913B5D5-D8EB-4C0E-BF1D-3D9B86FF04E4}"
EndProject
Global
	GlobalSection(SolutionConfigurationPlatforms) = preSolution
		Debug|x64 = Debug|x64
		Debug|x86 = Debug|x86
		Release|x64 = Release|x64
		Release|x86 = Release|x86
	EndGlobalSection
	GlobalSection(ProjectConfigurationPlatforms) = postSolution
		{F913B5D5-D8EB-4C0E-BF1D-3D9B86FF04E4}.Debug|x64.ActiveCfg = Debug|x64
		{F913B5D5-D8EB-4C0E-BF1D-3D9B86FF04E4}.Debug|x64.Build.0 = Debug|x64
		{F913B5D5-D8EB-4C0E-BF1D-3D9B86FF04E4}.Debug|x86.ActiveCfg = Debug|Win32
		{F913B5D5-D8EB-4C0E-BF1D-3D9B86FF04E4}.Debug|x86.Build.0 = Debug|Win32
		{F913B5D5-D8EB-4C0E-BF1D-3D9B86FF04E4}.Release|x64.ActiveCfg = Release|x64
		{F913B5D5-D8EB-4C0E-BF1D-3D9B86FF04E4}.Release|x64.Build.0 = Release|x64
		{F913B5D5-D8EB-4C0E-BF1D-3D9B86FF04E4}.Release|x86.ActiveCfg = Release|Win32
		{F913B5D5-D8EB-4C0E-BF1D-3D9B86FF04E4}.Release|x86.Build.0 = Release|Win32
	EndGlobalSection
	GlobalSection(SolutionProperties) = preSolution
		HideSolutionNode = FALSE
	EndGlobalSection
	GlobalSection(ExtensibilityGlobals) = postSolution
		SolutionGuid = {1C7C70F2-BE2C-4A84-BD05-5B602E78AD3C}
	EndGlobalSection
EndGlobal
