
Microsoft Visual Studio Solution File, Format Version 12.00
# Visual Studio Version 16
VisualStudioVersion = 16.0.29021.104
MinimumVisualStudioVersion = 10.0.40219.1
Project("{8BC9CEB8-8B4A-11D0-8D11-00A0C91BC942}") = "Pro73", "Pro73\Pro73.vcxproj", "{D0852A40-5551-49D1-836D-5B5DBF462581}"
EndProject
Global
	GlobalSection(SolutionConfigurationPlatforms) = preSolution
		Debug|x64 = Debug|x64
		Debug|x86 = Debug|x86
		Release|x64 = Release|x64
		Release|x86 = Release|x86
	EndGlobalSection
	GlobalSection(ProjectConfigurationPlatforms) = postSolution
		{D0852A40-5551-49D1-836D-5B5DBF462581}.Debug|x64.ActiveCfg = Debug|x64
		{D0852A40-5551-49D1-836D-5B5DBF462581}.Debug|x64.Build.0 = Debug|x64
		{D0852A40-5551-49D1-836D-5B5DBF462581}.Debug|x86.ActiveCfg = Debug|Win32
		{D0852A40-5551-49D1-836D-5B5DBF462581}.Debug|x86.Build.0 = Debug|Win32
		{D0852A40-5551-49D1-836D-5B5DBF462581}.Release|x64.ActiveCfg = Release|x64
		{D0852A40-5551-49D1-836D-5B5DBF462581}.Release|x64.Build.0 = Release|x64
		{D0852A40-5551-49D1-836D-5B5DBF462581}.Release|x86.ActiveCfg = Release|Win32
		{D0852A40-5551-49D1-836D-5B5DBF462581}.Release|x86.Build.0 = Release|Win32
	EndGlobalSection
	GlobalSection(SolutionProperties) = preSolution
		HideSolutionNode = FALSE
	EndGlobalSection
	GlobalSection(ExtensibilityGlobals) = postSolution
		SolutionGuid = {D6778292-4379-4CC4-923C-96A41AAD2FCB}
	EndGlobalSection
EndGlobal
