
Microsoft Visual Studio Solution File, Format Version 12.00
# Visual Studio Version 16
VisualStudioVersion = 16.0.29021.104
MinimumVisualStudioVersion = 10.0.40219.1
Project("{8BC9CEB8-8B4A-11D0-8D11-00A0C91BC942}") = "Pro75", "Pro75\Pro75.vcxproj", "{6D680983-9640-4A70-A159-3AF967E8994D}"
EndProject
Global
	GlobalSection(SolutionConfigurationPlatforms) = preSolution
		Debug|x64 = Debug|x64
		Debug|x86 = Debug|x86
		Release|x64 = Release|x64
		Release|x86 = Release|x86
	EndGlobalSection
	GlobalSection(ProjectConfigurationPlatforms) = postSolution
		{6D680983-9640-4A70-A159-3AF967E8994D}.Debug|x64.ActiveCfg = Debug|x64
		{6D680983-9640-4A70-A159-3AF967E8994D}.Debug|x64.Build.0 = Debug|x64
		{6D680983-9640-4A70-A159-3AF967E8994D}.Debug|x86.ActiveCfg = Debug|Win32
		{6D680983-9640-4A70-A159-3AF967E8994D}.Debug|x86.Build.0 = Debug|Win32
		{6D680983-9640-4A70-A159-3AF967E8994D}.Release|x64.ActiveCfg = Release|x64
		{6D680983-9640-4A70-A159-3AF967E8994D}.Release|x64.Build.0 = Release|x64
		{6D680983-9640-4A70-A159-3AF967E8994D}.Release|x86.ActiveCfg = Release|Win32
		{6D680983-9640-4A70-A159-3AF967E8994D}.Release|x86.Build.0 = Release|Win32
	EndGlobalSection
	GlobalSection(SolutionProperties) = preSolution
		HideSolutionNode = FALSE
	EndGlobalSection
	GlobalSection(ExtensibilityGlobals) = postSolution
		SolutionGuid = {1616DA05-CAFC-49C6-B6A0-ABEC708281BE}
	EndGlobalSection
EndGlobal
