
Microsoft Visual Studio Solution File, Format Version 12.00
# Visual Studio Version 16
VisualStudioVersion = 16.0.29021.104
MinimumVisualStudioVersion = 10.0.40219.1
Project("{8BC9CEB8-8B4A-11D0-8D11-00A0C91BC942}") = "test(50)", "test(50)\test(50).vcxproj", "{8C248255-48DE-484A-8C59-89F7FEF7E8F5}"
EndProject
Global
	GlobalSection(SolutionConfigurationPlatforms) = preSolution
		Debug|x64 = Debug|x64
		Debug|x86 = Debug|x86
		Release|x64 = Release|x64
		Release|x86 = Release|x86
	EndGlobalSection
	GlobalSection(ProjectConfigurationPlatforms) = postSolution
		{8C248255-48DE-484A-8C59-89F7FEF7E8F5}.Debug|x64.ActiveCfg = Debug|x64
		{8C248255-48DE-484A-8C59-89F7FEF7E8F5}.Debug|x64.Build.0 = Debug|x64
		{8C248255-48DE-484A-8C59-89F7FEF7E8F5}.Debug|x86.ActiveCfg = Debug|Win32
		{8C248255-48DE-484A-8C59-89F7FEF7E8F5}.Debug|x86.Build.0 = Debug|Win32
		{8C248255-48DE-484A-8C59-89F7FEF7E8F5}.Release|x64.ActiveCfg = Release|x64
		{8C248255-48DE-484A-8C59-89F7FEF7E8F5}.Release|x64.Build.0 = Release|x64
		{8C248255-48DE-484A-8C59-89F7FEF7E8F5}.Release|x86.ActiveCfg = Release|Win32
		{8C248255-48DE-484A-8C59-89F7FEF7E8F5}.Release|x86.Build.0 = Release|Win32
	EndGlobalSection
	GlobalSection(SolutionProperties) = preSolution
		HideSolutionNode = FALSE
	EndGlobalSection
	GlobalSection(ExtensibilityGlobals) = postSolution
		SolutionGuid = {86FCE963-09FE-4ECA-ADA6-0A0BD32168C0}
	EndGlobalSection
EndGlobal
