
Microsoft Visual Studio Solution File, Format Version 12.00
# Visual Studio Version 16
VisualStudioVersion = 16.0.29021.104
MinimumVisualStudioVersion = 10.0.40219.1
Project("{8BC9CEB8-8B4A-11D0-8D11-00A0C91BC942}") = "模拟实现strchr", "模拟实现strchr\模拟实现strchr.vcxproj", "{DCBE0725-4237-4129-B2E2-16A7F2D46AAD}"
EndProject
Global
	GlobalSection(SolutionConfigurationPlatforms) = preSolution
		Debug|x64 = Debug|x64
		Debug|x86 = Debug|x86
		Release|x64 = Release|x64
		Release|x86 = Release|x86
	EndGlobalSection
	GlobalSection(ProjectConfigurationPlatforms) = postSolution
		{DCBE0725-4237-4129-B2E2-16A7F2D46AAD}.Debug|x64.ActiveCfg = Debug|x64
		{DCBE0725-4237-4129-B2E2-16A7F2D46AAD}.Debug|x64.Build.0 = Debug|x64
		{DCBE0725-4237-4129-B2E2-16A7F2D46AAD}.Debug|x86.ActiveCfg = Debug|Win32
		{DCBE0725-4237-4129-B2E2-16A7F2D46AAD}.Debug|x86.Build.0 = Debug|Win32
		{DCBE0725-4237-4129-B2E2-16A7F2D46AAD}.Release|x64.ActiveCfg = Release|x64
		{DCBE0725-4237-4129-B2E2-16A7F2D46AAD}.Release|x64.Build.0 = Release|x64
		{DCBE0725-4237-4129-B2E2-16A7F2D46AAD}.Release|x86.ActiveCfg = Release|Win32
		{DCBE0725-4237-4129-B2E2-16A7F2D46AAD}.Release|x86.Build.0 = Release|Win32
	EndGlobalSection
	GlobalSection(SolutionProperties) = preSolution
		HideSolutionNode = FALSE
	EndGlobalSection
	GlobalSection(ExtensibilityGlobals) = postSolution
		SolutionGuid = {E3CFE6C9-4302-44F6-BA10-D9CAD1D52343}
	EndGlobalSection
EndGlobal
