
Microsoft Visual Studio Solution File, Format Version 12.00
# Visual Studio Version 16
VisualStudioVersion = 16.0.29021.104
MinimumVisualStudioVersion = 10.0.40219.1
Project("{8BC9CEB8-8B4A-11D0-8D11-00A0C91BC942}") = "c78", "c78\c78.vcxproj", "{D39DB6CA-B20F-49FB-A810-04C2F48362AE}"
EndProject
Global
	GlobalSection(SolutionConfigurationPlatforms) = preSolution
		Debug|x64 = Debug|x64
		Debug|x86 = Debug|x86
		Release|x64 = Release|x64
		Release|x86 = Release|x86
	EndGlobalSection
	GlobalSection(ProjectConfigurationPlatforms) = postSolution
		{D39DB6CA-B20F-49FB-A810-04C2F48362AE}.Debug|x64.ActiveCfg = Debug|x64
		{D39DB6CA-B20F-49FB-A810-04C2F48362AE}.Debug|x64.Build.0 = Debug|x64
		{D39DB6CA-B20F-49FB-A810-04C2F48362AE}.Debug|x86.ActiveCfg = Debug|Win32
		{D39DB6CA-B20F-49FB-A810-04C2F48362AE}.Debug|x86.Build.0 = Debug|Win32
		{D39DB6CA-B20F-49FB-A810-04C2F48362AE}.Release|x64.ActiveCfg = Release|x64
		{D39DB6CA-B20F-49FB-A810-04C2F48362AE}.Release|x64.Build.0 = Release|x64
		{D39DB6CA-B20F-49FB-A810-04C2F48362AE}.Release|x86.ActiveCfg = Release|Win32
		{D39DB6CA-B20F-49FB-A810-04C2F48362AE}.Release|x86.Build.0 = Release|Win32
	EndGlobalSection
	GlobalSection(SolutionProperties) = preSolution
		HideSolutionNode = FALSE
	EndGlobalSection
	GlobalSection(ExtensibilityGlobals) = postSolution
		SolutionGuid = {2718D07F-E8F9-42CA-ABCE-25CBE993A15B}
	EndGlobalSection
EndGlobal
