
Microsoft Visual Studio Solution File, Format Version 12.00
# Visual Studio Version 16
VisualStudioVersion = 16.0.29021.104
MinimumVisualStudioVersion = 10.0.40219.1
Project("{8BC9CEB8-8B4A-11D0-8D11-00A0C91BC942}") = "pro14", "pro14\pro14.vcxproj", "{84644E11-FB48-4FFB-B9D4-B7467B15CA32}"
EndProject
Global
	GlobalSection(SolutionConfigurationPlatforms) = preSolution
		Debug|x64 = Debug|x64
		Debug|x86 = Debug|x86
		Release|x64 = Release|x64
		Release|x86 = Release|x86
	EndGlobalSection
	GlobalSection(ProjectConfigurationPlatforms) = postSolution
		{84644E11-FB48-4FFB-B9D4-B7467B15CA32}.Debug|x64.ActiveCfg = Debug|x64
		{84644E11-FB48-4FFB-B9D4-B7467B15CA32}.Debug|x64.Build.0 = Debug|x64
		{84644E11-FB48-4FFB-B9D4-B7467B15CA32}.Debug|x86.ActiveCfg = Debug|Win32
		{84644E11-FB48-4FFB-B9D4-B7467B15CA32}.Debug|x86.Build.0 = Debug|Win32
		{84644E11-FB48-4FFB-B9D4-B7467B15CA32}.Release|x64.ActiveCfg = Release|x64
		{84644E11-FB48-4FFB-B9D4-B7467B15CA32}.Release|x64.Build.0 = Release|x64
		{84644E11-FB48-4FFB-B9D4-B7467B15CA32}.Release|x86.ActiveCfg = Release|Win32
		{84644E11-FB48-4FFB-B9D4-B7467B15CA32}.Release|x86.Build.0 = Release|Win32
	EndGlobalSection
	GlobalSection(SolutionProperties) = preSolution
		HideSolutionNode = FALSE
	EndGlobalSection
	GlobalSection(ExtensibilityGlobals) = postSolution
		SolutionGuid = {101A673F-4EC7-420A-92A0-BA8B5B2EA204}
	EndGlobalSection
EndGlobal
