
Microsoft Visual Studio Solution File, Format Version 12.00
# Visual Studio Version 16
VisualStudioVersion = 16.0.29021.104
MinimumVisualStudioVersion = 10.0.40219.1
Project("{8BC9CEB8-8B4A-11D0-8D11-00A0C91BC942}") = "ChangeChess", "ChangeChess\ChangeChess.vcxproj", "{58D04692-7C7C-43D0-A03C-2D45DAA48BB1}"
EndProject
Global
	GlobalSection(SolutionConfigurationPlatforms) = preSolution
		Debug|x64 = Debug|x64
		Debug|x86 = Debug|x86
		Release|x64 = Release|x64
		Release|x86 = Release|x86
	EndGlobalSection
	GlobalSection(ProjectConfigurationPlatforms) = postSolution
		{58D04692-7C7C-43D0-A03C-2D45DAA48BB1}.Debug|x64.ActiveCfg = Debug|x64
		{58D04692-7C7C-43D0-A03C-2D45DAA48BB1}.Debug|x64.Build.0 = Debug|x64
		{58D04692-7C7C-43D0-A03C-2D45DAA48BB1}.Debug|x86.ActiveCfg = Debug|Win32
		{58D04692-7C7C-43D0-A03C-2D45DAA48BB1}.Debug|x86.Build.0 = Debug|Win32
		{58D04692-7C7C-43D0-A03C-2D45DAA48BB1}.Release|x64.ActiveCfg = Release|x64
		{58D04692-7C7C-43D0-A03C-2D45DAA48BB1}.Release|x64.Build.0 = Release|x64
		{58D04692-7C7C-43D0-A03C-2D45DAA48BB1}.Release|x86.ActiveCfg = Release|Win32
		{58D04692-7C7C-43D0-A03C-2D45DAA48BB1}.Release|x86.Build.0 = Release|Win32
	EndGlobalSection
	GlobalSection(SolutionProperties) = preSolution
		HideSolutionNode = FALSE
	EndGlobalSection
	GlobalSection(ExtensibilityGlobals) = postSolution
		SolutionGuid = {05DC335E-80E0-4155-8F0E-6520D98EE514}
	EndGlobalSection
EndGlobal
