
Microsoft Visual Studio Solution File, Format Version 12.00
# Visual Studio Version 16
VisualStudioVersion = 16.0.29021.104
MinimumVisualStudioVersion = 10.0.40219.1
Project("{8BC9CEB8-8B4A-11D0-8D11-00A0C91BC942}") = "Pro71", "Pro71\Pro71.vcxproj", "{B37D367D-DF20-4F55-BE62-2726EEAB2162}"
EndProject
Global
	GlobalSection(SolutionConfigurationPlatforms) = preSolution
		Debug|x64 = Debug|x64
		Debug|x86 = Debug|x86
		Release|x64 = Release|x64
		Release|x86 = Release|x86
	EndGlobalSection
	GlobalSection(ProjectConfigurationPlatforms) = postSolution
		{B37D367D-DF20-4F55-BE62-2726EEAB2162}.Debug|x64.ActiveCfg = Debug|x64
		{B37D367D-DF20-4F55-BE62-2726EEAB2162}.Debug|x64.Build.0 = Debug|x64
		{B37D367D-DF20-4F55-BE62-2726EEAB2162}.Debug|x86.ActiveCfg = Debug|Win32
		{B37D367D-DF20-4F55-BE62-2726EEAB2162}.Debug|x86.Build.0 = Debug|Win32
		{B37D367D-DF20-4F55-BE62-2726EEAB2162}.Release|x64.ActiveCfg = Release|x64
		{B37D367D-DF20-4F55-BE62-2726EEAB2162}.Release|x64.Build.0 = Release|x64
		{B37D367D-DF20-4F55-BE62-2726EEAB2162}.Release|x86.ActiveCfg = Release|Win32
		{B37D367D-DF20-4F55-BE62-2726EEAB2162}.Release|x86.Build.0 = Release|Win32
	EndGlobalSection
	GlobalSection(SolutionProperties) = preSolution
		HideSolutionNode = FALSE
	EndGlobalSection
	GlobalSection(ExtensibilityGlobals) = postSolution
		SolutionGuid = {EB9B0494-9B78-48A5-8745-B38A9CA3EDE7}
	EndGlobalSection
EndGlobal
