
Microsoft Visual Studio Solution File, Format Version 12.00
# Visual Studio Version 16
VisualStudioVersion = 16.0.29021.104
MinimumVisualStudioVersion = 10.0.40219.1
Project("{8BC9CEB8-8B4A-11D0-8D11-00A0C91BC942}") = "集合的运算演示", "集合的运算演示\集合的运算演示.vcxproj", "{5080C275-1F28-4435-9896-8F9303E621C2}"
EndProject
Global
	GlobalSection(SolutionConfigurationPlatforms) = preSolution
		Debug|x64 = Debug|x64
		Debug|x86 = Debug|x86
		Release|x64 = Release|x64
		Release|x86 = Release|x86
	EndGlobalSection
	GlobalSection(ProjectConfigurationPlatforms) = postSolution
		{5080C275-1F28-4435-9896-8F9303E621C2}.Debug|x64.ActiveCfg = Debug|x64
		{5080C275-1F28-4435-9896-8F9303E621C2}.Debug|x64.Build.0 = Debug|x64
		{5080C275-1F28-4435-9896-8F9303E621C2}.Debug|x86.ActiveCfg = Debug|Win32
		{5080C275-1F28-4435-9896-8F9303E621C2}.Debug|x86.Build.0 = Debug|Win32
		{5080C275-1F28-4435-9896-8F9303E621C2}.Release|x64.ActiveCfg = Release|x64
		{5080C275-1F28-4435-9896-8F9303E621C2}.Release|x64.Build.0 = Release|x64
		{5080C275-1F28-4435-9896-8F9303E621C2}.Release|x86.ActiveCfg = Release|Win32
		{5080C275-1F28-4435-9896-8F9303E621C2}.Release|x86.Build.0 = Release|Win32
	EndGlobalSection
	GlobalSection(SolutionProperties) = preSolution
		HideSolutionNode = FALSE
	EndGlobalSection
	GlobalSection(ExtensibilityGlobals) = postSolution
		SolutionGuid = {46D77014-FCD1-4C95-B39F-9898E1FEADF8}
	EndGlobalSection
EndGlobal
