
Microsoft Visual Studio Solution File, Format Version 12.00
# Visual Studio Version 16
VisualStudioVersion = 16.0.29021.104
MinimumVisualStudioVersion = 10.0.40219.1
Project("{8BC9CEB8-8B4A-11D0-8D11-00A0C91BC942}") = "Operator", "Operator\Operator.vcxproj", "{B74F876D-AE8D-480C-B3C1-3A290A8C907C}"
EndProject
Global
	GlobalSection(SolutionConfigurationPlatforms) = preSolution
		Debug|x64 = Debug|x64
		Debug|x86 = Debug|x86
		Release|x64 = Release|x64
		Release|x86 = Release|x86
	EndGlobalSection
	GlobalSection(ProjectConfigurationPlatforms) = postSolution
		{B74F876D-AE8D-480C-B3C1-3A290A8C907C}.Debug|x64.ActiveCfg = Debug|x64
		{B74F876D-AE8D-480C-B3C1-3A290A8C907C}.Debug|x64.Build.0 = Debug|x64
		{B74F876D-AE8D-480C-B3C1-3A290A8C907C}.Debug|x86.ActiveCfg = Debug|Win32
		{B74F876D-AE8D-480C-B3C1-3A290A8C907C}.Debug|x86.Build.0 = Debug|Win32
		{B74F876D-AE8D-480C-B3C1-3A290A8C907C}.Release|x64.ActiveCfg = Release|x64
		{B74F876D-AE8D-480C-B3C1-3A290A8C907C}.Release|x64.Build.0 = Release|x64
		{B74F876D-AE8D-480C-B3C1-3A290A8C907C}.Release|x86.ActiveCfg = Release|Win32
		{B74F876D-AE8D-480C-B3C1-3A290A8C907C}.Release|x86.Build.0 = Release|Win32
	EndGlobalSection
	GlobalSection(SolutionProperties) = preSolution
		HideSolutionNode = FALSE
	EndGlobalSection
	GlobalSection(ExtensibilityGlobals) = postSolution
		SolutionGuid = {9BE5B5DD-B939-4A6F-83AA-D0640AB3E3A6}
	EndGlobalSection
EndGlobal
