
Microsoft Visual Studio Solution File, Format Version 12.00
# Visual Studio Version 16
VisualStudioVersion = 16.0.29021.104
MinimumVisualStudioVersion = 10.0.40219.1
Project("{8BC9CEB8-8B4A-11D0-8D11-00A0C91BC942}") = "test(58)", "test(58)\test(58).vcxproj", "{A90BCE57-2713-40C7-B4D3-95F0552A5462}"
EndProject
Global
	GlobalSection(SolutionConfigurationPlatforms) = preSolution
		Debug|x64 = Debug|x64
		Debug|x86 = Debug|x86
		Release|x64 = Release|x64
		Release|x86 = Release|x86
	EndGlobalSection
	GlobalSection(ProjectConfigurationPlatforms) = postSolution
		{A90BCE57-2713-40C7-B4D3-95F0552A5462}.Debug|x64.ActiveCfg = Debug|x64
		{A90BCE57-2713-40C7-B4D3-95F0552A5462}.Debug|x64.Build.0 = Debug|x64
		{A90BCE57-2713-40C7-B4D3-95F0552A5462}.Debug|x86.ActiveCfg = Debug|Win32
		{A90BCE57-2713-40C7-B4D3-95F0552A5462}.Debug|x86.Build.0 = Debug|Win32
		{A90BCE57-2713-40C7-B4D3-95F0552A5462}.Release|x64.ActiveCfg = Release|x64
		{A90BCE57-2713-40C7-B4D3-95F0552A5462}.Release|x64.Build.0 = Release|x64
		{A90BCE57-2713-40C7-B4D3-95F0552A5462}.Release|x86.ActiveCfg = Release|Win32
		{A90BCE57-2713-40C7-B4D3-95F0552A5462}.Release|x86.Build.0 = Release|Win32
	EndGlobalSection
	GlobalSection(SolutionProperties) = preSolution
		HideSolutionNode = FALSE
	EndGlobalSection
	GlobalSection(ExtensibilityGlobals) = postSolution
		SolutionGuid = {838A4036-790E-41B5-95EF-AD588FF6705B}
	EndGlobalSection
EndGlobal
